
Microsoft Visual Studio Solution File, Format Version 12.00
# Visual Studio Version 16
VisualStudioVersion = 16.0.31005.135
MinimumVisualStudioVersion = 10.0.40219.1
Project("{FAE04EC0-301F-11D3-BF4B-00C04F79EFBC}") = "Lista_Datos_Dinamica", "Lista_Datos_Dinamica.csproj", "{FBDDA75C-4D64-41A0-B0F2-A9B68B34FB03}"
EndProject
Global
	GlobalSection(SolutionConfigurationPlatforms) = preSolution
		Debug|Any CPU = Debug|Any CPU
		Release|Any CPU = Release|Any CPU
	EndGlobalSection
	GlobalSection(ProjectConfigurationPlatforms) = postSolution
		{FBDDA75C-4D64-41A0-B0F2-A9B68B34FB03}.Debug|Any CPU.ActiveCfg = Debug|Any CPU
		{FBDDA75C-4D64-41A0-B0F2-A9B68B34FB03}.Debug|Any CPU.Build.0 = Debug|Any CPU
		{FBDDA75C-4D64-41A0-B0F2-A9B68B34FB03}.Release|Any CPU.ActiveCfg = Release|Any CPU
		{FBDDA75C-4D64-41A0-B0F2-A9B68B34FB03}.Release|Any CPU.Build.0 = Release|Any CPU
	EndGlobalSection
	GlobalSection(SolutionProperties) = preSolution
		HideSolutionNode = FALSE
	EndGlobalSection
	GlobalSection(ExtensibilityGlobals) = postSolution
		SolutionGuid = {B0533351-9EFB-42BF-8874-4BF7C76E7971}
	EndGlobalSection
EndGlobal
